// !$*UTF8*$!
{
	archiveVersion = 1;
	classes = {
	};
	objectVersion = 46;
	objects = {

/* Begin PBXBuildFile section */
		F9E5886E1D2DAE7B0056509B /* AppDelegate.swift in Sources */ = {isa = PBXBuildFile; fileRef = F9E5886D1D2DAE7B0056509B /* AppDelegate.swift */; };
		F9E588701D2DAE7B0056509B /* ViewController.swift in Sources */ = {isa = PBXBuildFile; fileRef = F9E5886F1D2DAE7B0056509B /* ViewController.swift */; };
		F9E588731D2DAE7B0056509B /* Main.storyboard in Resources */ = {isa = PBXBuildFile; fileRef = F9E588711D2DAE7B0056509B /* Main.storyboard */; };
		F9E588751D2DAE7B0056509B /* Assets.xcassets in Resources */ = {isa = PBXBuildFile; fileRef = F9E588741D2DAE7B0056509B /* Assets.xcassets */; };
		F9E588781D2DAE7B0056509B /* LaunchScreen.storyboard in Resources */ = {isa = PBXBuildFile; fileRef = F9E588761D2DAE7B0056509B /* LaunchScreen.storyboard */; };
/* End PBXBuildFile section */

/* Begin PBXFileReference section */
		F9E5886A1D2DAE7B0056509B /* scrollview-fit-all.app */ = {isa = PBXFileReference; explicitFileType = wrapper.application; includeInIndex = 0; path = "scrollview-fit-all.app"; sourceTree = BUILT_PRODUCTS_DIR; };
		F9E5886D1D2DAE7B0056509B /* AppDelegate.swift */ = {isa = PBXFileReference; lastKnownFileType = sourcecode.swift; path = AppDelegate.swift; sourceTree = "<group>"; };
		F9E5886F1D2DAE7B0056509B /* ViewController.swift */ = {isa = PBXFileReference; lastKnownFileType = sourcecode.swift; path = ViewController.swift; sourceTree = "<group>"; };
		F9E588721D2DAE7B0056509B /* Base */ = {isa = PBXFileReference; lastKnownFileType = file.storyboard; name = Base; path = Base.lproj/Main.storyboard; sourceTree = "<group>"; };
		F9E588741D2DAE7B0056509B /* Assets.xcassets */ = {isa = PBXFileReference; lastKnownFileType = folder.assetcatalog; path = Assets.xcassets; sourceTree = "<group>"; };
		F9E588771D2DAE7B0056509B /* Base */ = {isa = PBXFileReference; lastKnownFileType = file.storyboard; name = Base; path = Base.lproj/LaunchScreen.storyboard; sourceTree = "<group>"; };
		F9E588791D2DAE7B0056509B /* Info.plist */ = {isa = PBXFileReference; lastKnownFileType = text.plist.xml; path = Info.plist; sourceTree = "<group>"; };
/* End PBXFileReference section */

/* Begin PBXFrameworksBuildPhase section */
		F9E588671D2DAE7B0056509B /* Frameworks */ = {
			isa = PBXFrameworksBuildPhase;
			buildActionMask = 2147483647;
			files = (
			);
			runOnlyForDeploymentPostprocessing = 0;
		};
/* End PBXFrameworksBuildPhase section */

/* Begin PBXGroup section */
		F9E588611D2DAE7B0056509B = {
			isa = PBXGroup;
			children = (
				F9E5886C1D2DAE7B0056509B /* scrollview-fit-all */,
				F9E5886B1D2DAE7B0056509B /* Products */,
			);
			sourceTree = "<group>";
		};
		F9E5886B1D2DAE7B0056509B /* Products */ = {
			isa = PBXGroup;
			children = (
				F9E5886A1D2DAE7B0056509B /* scrollview-fit-all.app */,
			);
			name = Products;
			sourceTree = "<group>";
		};
		F9E5886C1D2DAE7B0056509B /* scrollview-fit-all */ = {
			isa = PBXGroup;
			children = (
				F9E5886D1D2DAE7B0056509B /* AppDelegate.swift */,
				F9E5886F1D2DAE7B0056509B /* ViewController.swift */,
				F9E588711D2DAE7B0056509B /* Main.storyboard */,
				F9E588741D2DAE7B0056509B /* Assets.xcassets */,
				F9E588761D2DAE7B0056509B /* LaunchScreen.storyboard */,
				F9E588791D2DAE7B0056509B /* Info.plist */,
			);
			path = "scrollview-fit-all";
			sourceTree = "<group>";
		};
/* End PBXGroup section */

/* Begin PBXNativeTarget section */
		F9E588691D2DAE7B0056509B /* scrollview-fit-all */ = {
			isa = PBXNativeTarget;
			buildConfigurationList = F9E5887C1D2DAE7B0056509B /* Build configuration list for PBXNativeTarget "scrollview-fit-all" */;
			buildPhases = (
				F9E588661D2DAE7B0056509B /* Sources */,
				F9E588671D2DAE7B0056509B /* Frameworks */,
				F9E588681D2DAE7B0056509B /* Resources */,
			);
			buildRules = (
			);
			dependencies = (
			);
			name = "scrollview-fit-all";
			productName = "scrollview-fit-all";
			productReference = F9E5886A1D2DAE7B0056509B /* scrollview-fit-all.app */;
			productType = "com.apple.product-type.application";
		};
/* End PBXNativeTarget section */

/* Begin PBXProject section */
		F9E588621D2DAE7B0056509B /* Project object */ = {
			isa = PBXProject;
			attributes = {
				LastSwiftUpdateCheck = 0730;
				LastUpgradeCheck = 0730;
				ORGANIZATIONNAME = "Adam Goth";
				TargetAttributes = {
					F9E588691D2DAE7B0056509B = {
						CreatedOnToolsVersion = 7.3.1;
					};
				};
			};
			buildConfigurationList = F9E588651D2DAE7B0056509B /* Build configuration list for PBXProject "scrollview-fit-all" */;
			compatibilityVersion = "Xcode 3.2";
			developmentRegion = English;
			hasScannedForEncodings = 0;
			knownRegions = (
				en,
				Base,
			);
			mainGroup = F9E588611D2DAE7B0056509B;
			productRefGroup = F9E5886B1D2DAE7B0056509B /* Products */;
			projectDirPath = "";
			projectRoot = "";
			targets = (
				F9E588691D2DAE7B0056509B /* scrollview-fit-all */,
			);
		};
/* End PBXProject section */

/* Begin PBXResourcesBuildPhase section */
		F9E588681D2DAE7B0056509B /* Resources */ = {
			isa = PBXResourcesBuildPhase;
			buildActionMask = 2147483647;
			files = (
				F9E588781D2DAE7B0056509B /* LaunchScreen.storyboard in Resources */,
				F9E588751D2DAE7B0056509B /* Assets.xcassets in Resources */,
				F9E588731D2DAE7B0056509B /* Main.storyboard in Resources */,
			);
			runOnlyForDeploymentPostprocessing = 0;
		};
/* End PBXResourcesBuildPhase section */

/* Begin PBXSourcesBuildPhase section */
		F9E588661D2DAE7B0056509B /* Sources */ = {
			isa = PBXSourcesBuildPhase;
			buildActionMask = 2147483647;
			files = (
				F9E588701D2DAE7B0056509B /* ViewController.swift in Sources */,
				F9E5886E1D2DAE7B0056509B /* AppDelegate.swift in Sources */,
			);
			runOnlyForDeploymentPostprocessing = 0;
		};
/* End PBXSourcesBuildPhase section */

/* Begin PBXVariantGroup section */
		F9E588711D2DAE7B0056509B /* Main.storyboard */ = {
			isa = PBXVariantGroup;
			children = (
				F9E588721D2DAE7B0056509B /* Base */,
			);
			name = Main.storyboard;
			sourceTree = "<group>";
		};
		F9E588761D2DAE7B0056509B /* LaunchScreen.storyboard */ = {
			isa = PBXVariantGroup;
			children = (
				F9E588771D2DAE7B0056509B /* Base */,
			);
			name = LaunchScreen.storyboard;
			sourceTree = "<group>";
		};
/* End PBXVariantGroup section */

/* Begin XCBuildConfiguration section */
		F9E5887A1D2DAE7B0056509B /* Debug */ = {
			isa = XCBuildConfiguration;
			buildSettings = {
				ALWAYS_SEARCH_USER_PATHS = NO;
				CLANG_ANALYZER_NONNULL = YES;
				CLANG_CXX_LANGUAGE_STANDARD = "gnu++0x";
				CLANG_CXX_LIBRARY = "libc++";
				CLANG_ENABLE_MODULES = YES;
				CLANG_ENABLE_OBJC_ARC = YES;
				CLANG_WARN_BOOL_CONVERSION = YES;
				CLANG_WARN_CONSTANT_CONVERSION = YES;
				CLANG_WARN_DIRECT_OBJC_ISA_USAGE = YES_ERROR;
				CLANG_WARN_EMPTY_BODY = YES;
				CLANG_WARN_ENUM_CONVERSION = YES;
				CLANG_WARN_INT_CONVERSION = YES;
				CLANG_WARN_OBJC_ROOT_CLASS = YES_ERROR;
				CLANG_WARN_UNREACHABLE_CODE = YES;
				CLANG_WARN__DUPLICATE_METHOD_MATCH = YES;
				"CODE_SIGN_IDENTITY[sdk=iphoneos*]" = "iPhone Developer";
				COPY_PHASE_STRIP = NO;
				DEBUG_INFORMATION_FORMAT = dwarf;
				ENABLE_STRICT_OBJC_MSGSEND = YES;
				ENABLE_TESTABILITY = YES;
				GCC_C_LANGUAGE_STANDARD = gnu99;
				GCC_DYNAMIC_NO_PIC = NO;
				GCC_NO_COMMON_BLOCKS = YES;
				GCC_OPTIMIZATION_LEVEL = 0;
				GCC_PREPROCESSOR_DEFINITIONS = (
					"DEBUG=1",
					"$(inherited)",
				);
				GCC_WARN_64_TO_32_BIT_CONVERSION = YES;
				GCC_WARN_ABOUT_RETURN_TYPE = YES_ERROR;
				GCC_WARN_UNDECLARED_SELECTOR = YES;
				GCC_WARN_UNINITIALIZED_AUTOS = YES_AGGRESSIVE;
				GCC_WARN_UNUSED_FUNCTION = YES;
				GCC_WARN_UNUSED_VARIABLE = YES;
				IPHONEOS_DEPLOYMENT_TARGET = 9.3;
				MTL_ENABLE_DEBUG_INFO = YES;
				ONLY_ACTIVE_ARCH = YES;
				SDKROOT = iphoneos;
				SWIFT_OPTIMIZATION_LEVEL = "-Onone";
				TARGETED_DEVICE_FAMILY = "1,2";
			};
			name = Debug;
		};
		F9E5887B1D2DAE7B0056509B /* Release */ = {
			isa = XCBuildConfiguration;
			buildSettings = {
				ALWAYS_SEARCH_USER_PATHS = NO;
				CLANG_ANALYZER_NONNULL = YES;
				CLANG_CXX_LANGUAGE_STANDARD = "gnu++0x";
				CLANG_CXX_LIBRARY = "libc++";
				CLANG_ENABLE_MODULES = YES;
				CLANG_ENABLE_OBJC_ARC = YES;
				CLANG_WARN_BOOL_CONVERSION = YES;
				CLANG_WARN_CONSTANT_CONVERSION = YES;
				CLANG_WARN_DIRECT_OBJC_ISA_USAGE = YES_ERROR;
				CLANG_WARN_EMPTY_BODY = YES;
				CLANG_WARN_ENUM_CONVERSION = YES;
				CLANG_WARN_INT_CONVERSION = YES;
				CLANG_WARN_OBJC_ROOT_CLASS = YES_ERROR;
				CLANG_WARN_UNREACHABLE_CODE = YES;
				CLANG_WARN__DUPLICATE_METHOD_MATCH = YES;
				"CODE_SIGN_IDENTITY[sdk=iphoneos*]" = "iPhone Developer";
				COPY_PHASE_STRIP = NO;
				DEBUG_INFORMATION_FORMAT = "dwarf-with-dsym";
				ENABLE_NS_ASSERTIONS = NO;
				ENABLE_STRICT_OBJC_MSGSEND = YES;
				GCC_C_LANGUAGE_STANDARD = gnu99;
				GCC_NO_COMMON_BLOCKS = YES;
				GCC_WARN_64_TO_32_BIT_CONVERSION = YES;
				GCC_WARN_ABOUT_RETURN_TYPE = YES_ERROR;
				GCC_WARN_UNDECLARED_SELECTOR = YES;
				GCC_WARN_UNINITIALIZED_AUTOS = YES_AGGRESSIVE;
				GCC_WARN_UNUSED_FUNCTION = YES;
				GCC_WARN_UNUSED_VARIABLE = YES;
				IPHONEOS_DEPLOYMENT_TARGET = 9.3;
				MTL_ENABLE_DEBUG_INFO = NO;
				SDKROOT = iphoneos;
				TARGETED_DEVICE_FAMILY = "1,2";
				VALIDATE_PRODUCT = YES;
			};
			name = Release;
		};
		F9E5887D1D2DAE7B0056509B /* Debug */ = {
			isa = XCBuildConfiguration;
			buildSettings = {
				ASSETCATALOG_COMPILER_APPICON_NAME = AppIcon;
				INFOPLIST_FILE = "scrollview-fit-all/Info.plist";
				LD_RUNPATH_SEARCH_PATHS = "$(inherited) @executable_path/Frameworks";
				PRODUCT_BUNDLE_IDENTIFIER = "com.adamgoth.scrollview-fit-all";
				PRODUCT_NAME = "$(TARGET_NAME)";
			};
			name = Debug;
		};
		F9E5887E1D2DAE7B0056509B /* Release */ = {
			isa = XCBuildConfiguration;
			buildSettings = {
				ASSETCATALOG_COMPILER_APPICON_NAME = AppIcon;
				INFOPLIST_FILE = "scrollview-fit-all/Info.plist";
				LD_RUNPATH_SEARCH_PATHS = "$(inherited) @executable_path/Frameworks";
				PRODUCT_BUNDLE_IDENTIFIER = "com.adamgoth.scrollview-fit-all";
				PRODUCT_NAME = "$(TARGET_NAME)";
			};
			name = Release;
		};
/* End XCBuildConfiguration section */

/* Begin XCConfigurationList section */
		F9E588651D2DAE7B0056509B /* Build configuration list for PBXProject "scrollview-fit-all" */ = {
			isa = XCConfigurationList;
			buildConfigurations = (
				F9E5887A1D2DAE7B0056509B /* Debug */,
				F9E5887B1D2DAE7B0056509B /* Release */,
			);
			defaultConfigurationIsVisible = 0;
			defaultConfigurationName = Release;
		};
		F9E5887C1D2DAE7B0056509B /* Build configuration list for PBXNativeTarget "scrollview-fit-all" */ = {
			isa = XCConfigurationList;
			buildConfigurations = (
				F9E5887D1D2DAE7B0056509B /* Debug */,
				F9E5887E1D2DAE7B0056509B /* Release */,
			);
			defaultConfigurationIsVisible = 0;
		};
/* End XCConfigurationList section */
	};
	rootObject = F9E588621D2DAE7B0056509B /* Project object */;
}
